
Microsoft Visual Studio Solution File, Format Version 12.00
# Visual Studio 15
VisualStudioVersion = 15.0.28307.902
MinimumVisualStudioVersion = 10.0.40219.1
Project("{FAE04EC0-301F-11D3-BF4B-00C04F79EFBC}") = "BattleSim", "BattleSim\BattleSim.csproj", "{E84249D8-D5FA-49B9-BAD0-61D6A1933A84}"
EndProject
Project("{FAE04EC0-301F-11D3-BF4B-00C04F79EFBC}") = "BattleSimEntities", "BattleSimEntities\BattleSimEntities.csproj", "{CB8D1EC6-044B-44C9-AE40-847734C096E3}"
EndProject
Global
	GlobalSection(SolutionConfigurationPlatforms) = preSolution
		Debug|Any CPU = Debug|Any CPU
		Release|Any CPU = Release|Any CPU
	EndGlobalSection
	GlobalSection(ProjectConfigurationPlatforms) = postSolution
		{E84249D8-D5FA-49B9-BAD0-61D6A1933A84}.Debug|Any CPU.ActiveCfg = Debug|Any CPU
		{E84249D8-D5FA-49B9-BAD0-61D6A1933A84}.Debug|Any CPU.Build.0 = Debug|Any CPU
		{E84249D8-D5FA-49B9-BAD0-61D6A1933A84}.Release|Any CPU.ActiveCfg = Release|Any CPU
		{E84249D8-D5FA-49B9-BAD0-61D6A1933A84}.Release|Any CPU.Build.0 = Release|Any CPU
		{CB8D1EC6-044B-44C9-AE40-847734C096E3}.Debug|Any CPU.ActiveCfg = Debug|Any CPU
		{CB8D1EC6-044B-44C9-AE40-847734C096E3}.Debug|Any CPU.Build.0 = Debug|Any CPU
		{CB8D1EC6-044B-44C9-AE40-847734C096E3}.Release|Any CPU.ActiveCfg = Release|Any CPU
		{CB8D1EC6-044B-44C9-AE40-847734C096E3}.Release|Any CPU.Build.0 = Release|Any CPU
	EndGlobalSection
	GlobalSection(SolutionProperties) = preSolution
		HideSolutionNode = FALSE
	EndGlobalSection
	GlobalSection(ExtensibilityGlobals) = postSolution
		SolutionGuid = {0FB762DB-1929-4C53-AF62-4E9344843550}
	EndGlobalSection
EndGlobal
